<?xml version="1.0" encoding="utf-8"?>
<Project ToolsVersion="4.0" xmlns="http://schemas.microsoft.com/developer/msbuild/2003">
  <ItemGroup>
    <Filter Include="Source Files">
      <UniqueIdentifier>{4FC737F1-C7A5-4376-A066-2A32D752A2FF}</UniqueIdentifier>
      <Extensions>cpp;c;cc;cxx;c++;cppm;ixx;def;odl;idl;hpj;bat;asm;asmx</Extensions>
    </Filter>
    <Filter Include="Header Files">
      <UniqueIdentifier>{93995380-89BD-4b04-88EB-625FBE52EBFB}</UniqueIdentifier>
      <Extensions>h;hh;hpp;hxx;h++;hm;inl;inc;ipp;xsd</Extensions>
    </Filter>
    <Filter Include="Resource Files">
      <UniqueIdentifier>{67DA6AB6-F800-4c08-8B7A-83BB121AAD01}</UniqueIdentifier>
      <Extensions>rc;ico;cur;bmp;dlg;rc2;rct;bin;rgs;gif;jpg;jpeg;jpe;resx;tiff;tif;png;wav;mfcribbon-ms</Extensions>
    </Filter>
  </ItemGroup>
  <ItemGroup>
    <ClCompile Include="main.cpp">
      <Filter>Source Files</Filter>
    </ClCompile>
    <ClCompile Include="src\FileTokenizer.cpp">
      <Filter>Source Files</Filter>
    </ClCompile>
    <ClCompile Include="src\Parser.cpp">
      <Filter>Source Files</Filter>
    </ClCompile>
    <ClCompile Include="src\Record.cpp">
      <Filter>Source Files</Filter>
    </ClCompile>
    <ClCompile Include="src\shuntingyard.cpp">
      <Filter>Source Files</Filter>
    </ClCompile>
    <ClCompile Include="src\SQL.cpp">
      <Filter>Source Files</Filter>
    </ClCompile>
    <ClCompile Include="src\STokenizer.cpp">
      <Filter>Source Files</Filter>
    </ClCompile>
    <ClCompile Include="src\string_utility.cpp">
      <Filter>Source Files</Filter>
    </ClCompile>
    <ClCompile Include="src\Table.cpp">
      <Filter>Source Files</Filter>
    </ClCompile>
    <ClCompile Include="src\tableHelper.cpp">
      <Filter>Source Files</Filter>
    </ClCompile>
    <ClCompile Include="src\Token.cpp">
      <Filter>Source Files</Filter>
    </ClCompile>
  </ItemGroup>
  <ItemGroup>
    <ClInclude Include="headers\BPlusTrees.h">
      <Filter>Header Files</Filter>
    </ClInclude>
    <ClInclude Include="headers\BTreeFunctions.h">
      <Filter>Header Files</Filter>
    </ClInclude>
    <ClInclude Include="headers\CONSTANTS.h">
      <Filter>Header Files</Filter>
    </ClInclude>
    <ClInclude Include="headers\FileTokenizer.h">
      <Filter>Header Files</Filter>
    </ClInclude>
    <ClInclude Include="headers\keywords.h">
      <Filter>Header Files</Filter>
    </ClInclude>
    <ClInclude Include="headers\Map.h">
      <Filter>Header Files</Filter>
    </ClInclude>
    <ClInclude Include="headers\MMap.h">
      <Filter>Header Files</Filter>
    </ClInclude>
    <ClInclude Include="headers\MPair.h">
      <Filter>Header Files</Filter>
    </ClInclude>
    <ClInclude Include="headers\node.h">
      <Filter>Header Files</Filter>
    </ClInclude>
    <ClInclude Include="headers\Pair.h">
      <Filter>Header Files</Filter>
    </ClInclude>
    <ClInclude Include="headers\Parser.h">
      <Filter>Header Files</Filter>
    </ClInclude>
    <ClInclude Include="headers\Queue.h">
      <Filter>Header Files</Filter>
    </ClInclude>
    <ClInclude Include="headers\Record.h">
      <Filter>Header Files</Filter>
    </ClInclude>
    <ClInclude Include="headers\RPN.h">
      <Filter>Header Files</Filter>
    </ClInclude>
    <ClInclude Include="headers\set_utility.h">
      <Filter>Header Files</Filter>
    </ClInclude>
    <ClInclude Include="headers\shuntingyard.h">
      <Filter>Header Files</Filter>
    </ClInclude>
    <ClInclude Include="headers\SQL.h">
      <Filter>Header Files</Filter>
    </ClInclude>
    <ClInclude Include="headers\Stack.h">
      <Filter>Header Files</Filter>
    </ClInclude>
    <ClInclude Include="headers\STokenizer.h">
      <Filter>Header Files</Filter>
    </ClInclude>
    <ClInclude Include="headers\string_utility.h">
      <Filter>Header Files</Filter>
    </ClInclude>
    <ClInclude Include="headers\Table.h">
      <Filter>Header Files</Filter>
    </ClInclude>
    <ClInclude Include="headers\tableHelper.h">
      <Filter>Header Files</Filter>
    </ClInclude>
    <ClInclude Include="headers\Token.h">
      <Filter>Header Files</Filter>
    </ClInclude>
  </ItemGroup>
  <ItemGroup>
    <None Include=".gitignore" />
    <None Include=".gitattributes" />
  </ItemGroup>
</Project>